
Microsoft Visual Studio Solution File, Format Version 11.00
# Visual Studio 2010

# Licensed to the Apache Software Foundation (ASF) under one or more
# contributor license agreements.  See the NOTICE file distributed with
# this work for additional information regarding copyright ownership.
# The ASF licenses this file to You under the Apache License, Version 2.0
# (the "License"); you may not use this file except in compliance with
# the License.  You may obtain a copy of the License at
#
#     http://www.apache.org/licenses/LICENSE-2.0
#
# Unless required by applicable law or agreed to in writing, software
# distributed under the License is distributed on an "AS IS" BASIS,
# WITHOUT WARRANTIES OR CONDITIONS OF ANY KIND, either express or implied.
# See the License for the specific language governing permissions and
# limitations under the License.

Project("{8BC9CEB8-8B4A-11D0-8D11-00A0C91BC942}") = "native", "native.vcxproj", "{4C0C12D2-3CB0-47F8-BCD0-55BD5732DFA7}"
EndProject
Global
	GlobalSection(SolutionConfigurationPlatforms) = preSolution
		Debug|Mixed Platforms = Debug|Mixed Platforms
		Debug|Win32 = Debug|Win32
		Debug|x64 = Debug|x64
		Release|Mixed Platforms = Release|Mixed Platforms
		Release|Win32 = Release|Win32
		Release|x64 = Release|x64
	EndGlobalSection
	GlobalSection(ProjectConfigurationPlatforms) = postSolution
		{4C0C12D2-3CB0-47F8-BCD0-55BD5732DFA7}.Debug|Mixed Platforms.ActiveCfg = Release|x64
		{4C0C12D2-3CB0-47F8-BCD0-55BD5732DFA7}.Debug|Mixed Platforms.Build.0 = Release|x64
		{4C0C12D2-3CB0-47F8-BCD0-55BD5732DFA7}.Debug|Win32.ActiveCfg = Release|x64
		{4C0C12D2-3CB0-47F8-BCD0-55BD5732DFA7}.Debug|Win32.Build.0 = Release|x64
		{4C0C12D2-3CB0-47F8-BCD0-55BD5732DFA7}.Debug|x64.ActiveCfg = Release|x64
		{4C0C12D2-3CB0-47F8-BCD0-55BD5732DFA7}.Debug|x64.Build.0 = Release|x64
		{4C0C12D2-3CB0-47F8-BCD0-55BD5732DFA7}.Release|Mixed Platforms.ActiveCfg = Release|x64
		{4C0C12D2-3CB0-47F8-BCD0-55BD5732DFA7}.Release|Mixed Platforms.Build.0 = Release|x64
		{4C0C12D2-3CB0-47F8-BCD0-55BD5732DFA7}.Release|Win32.ActiveCfg = Release|x64
		{4C0C12D2-3CB0-47F8-BCD0-55BD5732DFA7}.Release|Win32.Build.0 = Release|x64
		{4C0C12D2-3CB0-47F8-BCD0-55BD5732DFA7}.Release|x64.ActiveCfg = Release|x64
		{4C0C12D2-3CB0-47F8-BCD0-55BD5732DFA7}.Release|x64.Build.0 = Release|x64
	EndGlobalSection
	GlobalSection(SolutionProperties) = preSolution
		HideSolutionNode = FALSE
	EndGlobalSection
EndGlobal
